// !$*UTF8*$!
{
	archiveVersion = 1;
	classes = {
	};
	objectVersion = 55;
	objects = {

/* Begin PBXBuildFile section */
		2B075044282E7A6A00FFEBBF /* SwiftUIContactListApp.swift in Sources */ = {isa = PBXBuildFile; fileRef = 2B075043282E7A6A00FFEBBF /* SwiftUIContactListApp.swift */; };
		2B075046282E7A6A00FFEBBF /* ContentView.swift in Sources */ = {isa = PBXBuildFile; fileRef = 2B075045282E7A6A00FFEBBF /* ContentView.swift */; };
		2B075048282E7A6D00FFEBBF /* Assets.xcassets in Resources */ = {isa = PBXBuildFile; fileRef = 2B075047282E7A6D00FFEBBF /* Assets.xcassets */; };
		2B07504B282E7A6D00FFEBBF /* Preview Assets.xcassets in Resources */ = {isa = PBXBuildFile; fileRef = 2B07504A282E7A6D00FFEBBF /* Preview Assets.xcassets */; };
		2B075052282E7CE600FFEBBF /* Person.swift in Sources */ = {isa = PBXBuildFile; fileRef = 2B075051282E7CE600FFEBBF /* Person.swift */; };
		2B075054282E7DCE00FFEBBF /* DataManager.swift in Sources */ = {isa = PBXBuildFile; fileRef = 2B075053282E7DCD00FFEBBF /* DataManager.swift */; };
		2B075056282E821F00FFEBBF /* ContactListView.swift in Sources */ = {isa = PBXBuildFile; fileRef = 2B075055282E821F00FFEBBF /* ContactListView.swift */; };
		2B075058282E823A00FFEBBF /* PersonInfoList.swift in Sources */ = {isa = PBXBuildFile; fileRef = 2B075057282E823A00FFEBBF /* PersonInfoList.swift */; };
		2B07505A282E8AB900FFEBBF /* PersonInfoView.swift in Sources */ = {isa = PBXBuildFile; fileRef = 2B075059282E8AB900FFEBBF /* PersonInfoView.swift */; };
/* End PBXBuildFile section */

/* Begin PBXFileReference section */
		2B075040282E7A6A00FFEBBF /* SwiftUIContactList.app */ = {isa = PBXFileReference; explicitFileType = wrapper.application; includeInIndex = 0; path = SwiftUIContactList.app; sourceTree = BUILT_PRODUCTS_DIR; };
		2B075043282E7A6A00FFEBBF /* SwiftUIContactListApp.swift */ = {isa = PBXFileReference; lastKnownFileType = sourcecode.swift; path = SwiftUIContactListApp.swift; sourceTree = "<group>"; };
		2B075045282E7A6A00FFEBBF /* ContentView.swift */ = {isa = PBXFileReference; lastKnownFileType = sourcecode.swift; path = ContentView.swift; sourceTree = "<group>"; };
		2B075047282E7A6D00FFEBBF /* Assets.xcassets */ = {isa = PBXFileReference; lastKnownFileType = folder.assetcatalog; path = Assets.xcassets; sourceTree = "<group>"; };
		2B07504A282E7A6D00FFEBBF /* Preview Assets.xcassets */ = {isa = PBXFileReference; lastKnownFileType = folder.assetcatalog; path = "Preview Assets.xcassets"; sourceTree = "<group>"; };
		2B075051282E7CE600FFEBBF /* Person.swift */ = {isa = PBXFileReference; lastKnownFileType = sourcecode.swift; path = Person.swift; sourceTree = "<group>"; };
		2B075053282E7DCD00FFEBBF /* DataManager.swift */ = {isa = PBXFileReference; lastKnownFileType = sourcecode.swift; path = DataManager.swift; sourceTree = "<group>"; };
		2B075055282E821F00FFEBBF /* ContactListView.swift */ = {isa = PBXFileReference; lastKnownFileType = sourcecode.swift; path = ContactListView.swift; sourceTree = "<group>"; };
		2B075057282E823A00FFEBBF /* PersonInfoList.swift */ = {isa = PBXFileReference; lastKnownFileType = sourcecode.swift; path = PersonInfoList.swift; sourceTree = "<group>"; };
		2B075059282E8AB900FFEBBF /* PersonInfoView.swift */ = {isa = PBXFileReference; lastKnownFileType = sourcecode.swift; path = PersonInfoView.swift; sourceTree = "<group>"; };
/* End PBXFileReference section */

/* Begin PBXFrameworksBuildPhase section */
		2B07503D282E7A6A00FFEBBF /* Frameworks */ = {
			isa = PBXFrameworksBuildPhase;
			buildActionMask = 2147483647;
			files = (
			);
			runOnlyForDeploymentPostprocessing = 0;
		};
/* End PBXFrameworksBuildPhase section */

/* Begin PBXGroup section */
		2B075037282E7A6A00FFEBBF = {
			isa = PBXGroup;
			children = (
				2B075042282E7A6A00FFEBBF /* SwiftUIContactList */,
				2B075041282E7A6A00FFEBBF /* Products */,
			);
			sourceTree = "<group>";
		};
		2B075041282E7A6A00FFEBBF /* Products */ = {
			isa = PBXGroup;
			children = (
				2B075040282E7A6A00FFEBBF /* SwiftUIContactList.app */,
			);
			name = Products;
			sourceTree = "<group>";
		};
		2B075042282E7A6A00FFEBBF /* SwiftUIContactList */ = {
			isa = PBXGroup;
			children = (
				2B075043282E7A6A00FFEBBF /* SwiftUIContactListApp.swift */,
				2B075045282E7A6A00FFEBBF /* ContentView.swift */,
				2B075055282E821F00FFEBBF /* ContactListView.swift */,
				2B075059282E8AB900FFEBBF /* PersonInfoView.swift */,
				2B075057282E823A00FFEBBF /* PersonInfoList.swift */,
				2B075051282E7CE600FFEBBF /* Person.swift */,
				2B075053282E7DCD00FFEBBF /* DataManager.swift */,
				2B075047282E7A6D00FFEBBF /* Assets.xcassets */,
				2B075049282E7A6D00FFEBBF /* Preview Content */,
			);
			path = SwiftUIContactList;
			sourceTree = "<group>";
		};
		2B075049282E7A6D00FFEBBF /* Preview Content */ = {
			isa = PBXGroup;
			children = (
				2B07504A282E7A6D00FFEBBF /* Preview Assets.xcassets */,
			);
			path = "Preview Content";
			sourceTree = "<group>";
		};
/* End PBXGroup section */

/* Begin PBXNativeTarget section */
		2B07503F282E7A6A00FFEBBF /* SwiftUIContactList */ = {
			isa = PBXNativeTarget;
			buildConfigurationList = 2B07504E282E7A6D00FFEBBF /* Build configuration list for PBXNativeTarget "SwiftUIContactList" */;
			buildPhases = (
				2B07503C282E7A6A00FFEBBF /* Sources */,
				2B07503D282E7A6A00FFEBBF /* Frameworks */,
				2B07503E282E7A6A00FFEBBF /* Resources */,
			);
			buildRules = (
			);
			dependencies = (
			);
			name = SwiftUIContactList;
			productName = SwiftUIContactList;
			productReference = 2B075040282E7A6A00FFEBBF /* SwiftUIContactList.app */;
			productType = "com.apple.product-type.application";
		};
/* End PBXNativeTarget section */

/* Begin PBXProject section */
		2B075038282E7A6A00FFEBBF /* Project object */ = {
			isa = PBXProject;
			attributes = {
				BuildIndependentTargetsInParallel = 1;
				LastSwiftUpdateCheck = 1330;
				LastUpgradeCheck = 1330;
				TargetAttributes = {
					2B07503F282E7A6A00FFEBBF = {
						CreatedOnToolsVersion = 13.3.1;
					};
				};
			};
			buildConfigurationList = 2B07503B282E7A6A00FFEBBF /* Build configuration list for PBXProject "SwiftUIContactList" */;
			compatibilityVersion = "Xcode 13.0";
			developmentRegion = en;
			hasScannedForEncodings = 0;
			knownRegions = (
				en,
				Base,
			);
			mainGroup = 2B075037282E7A6A00FFEBBF;
			productRefGroup = 2B075041282E7A6A00FFEBBF /* Products */;
			projectDirPath = "";
			projectRoot = "";
			targets = (
				2B07503F282E7A6A00FFEBBF /* SwiftUIContactList */,
			);
		};
/* End PBXProject section */

/* Begin PBXResourcesBuildPhase section */
		2B07503E282E7A6A00FFEBBF /* Resources */ = {
			isa = PBXResourcesBuildPhase;
			buildActionMask = 2147483647;
			files = (
				2B07504B282E7A6D00FFEBBF /* Preview Assets.xcassets in Resources */,
				2B075048282E7A6D00FFEBBF /* Assets.xcassets in Resources */,
			);
			runOnlyForDeploymentPostprocessing = 0;
		};
/* End PBXResourcesBuildPhase section */

/* Begin PBXSourcesBuildPhase section */
		2B07503C282E7A6A00FFEBBF /* Sources */ = {
			isa = PBXSourcesBuildPhase;
			buildActionMask = 2147483647;
			files = (
				2B075058282E823A00FFEBBF /* PersonInfoList.swift in Sources */,
				2B075056282E821F00FFEBBF /* ContactListView.swift in Sources */,
				2B075052282E7CE600FFEBBF /* Person.swift in Sources */,
				2B075054282E7DCE00FFEBBF /* DataManager.swift in Sources */,
				2B075046282E7A6A00FFEBBF /* ContentView.swift in Sources */,
				2B07505A282E8AB900FFEBBF /* PersonInfoView.swift in Sources */,
				2B075044282E7A6A00FFEBBF /* SwiftUIContactListApp.swift in Sources */,
			);
			runOnlyForDeploymentPostprocessing = 0;
		};
/* End PBXSourcesBuildPhase section */

/* Begin XCBuildConfiguration section */
		2B07504C282E7A6D00FFEBBF /* Debug */ = {
			isa = XCBuildConfiguration;
			buildSettings = {
				ALWAYS_SEARCH_USER_PATHS = NO;
				CLANG_ANALYZER_NONNULL = YES;
				CLANG_ANALYZER_NUMBER_OBJECT_CONVERSION = YES_AGGRESSIVE;
				CLANG_CXX_LANGUAGE_STANDARD = "gnu++17";
				CLANG_ENABLE_MODULES = YES;
				CLANG_ENABLE_OBJC_ARC = YES;
				CLANG_ENABLE_OBJC_WEAK = YES;
				CLANG_WARN_BLOCK_CAPTURE_AUTORELEASING = YES;
				CLANG_WARN_BOOL_CONVERSION = YES;
				CLANG_WARN_COMMA = YES;
				CLANG_WARN_CONSTANT_CONVERSION = YES;
				CLANG_WARN_DEPRECATED_OBJC_IMPLEMENTATIONS = YES;
				CLANG_WARN_DIRECT_OBJC_ISA_USAGE = YES_ERROR;
				CLANG_WARN_DOCUMENTATION_COMMENTS = YES;
				CLANG_WARN_EMPTY_BODY = YES;
				CLANG_WARN_ENUM_CONVERSION = YES;
				CLANG_WARN_INFINITE_RECURSION = YES;
				CLANG_WARN_INT_CONVERSION = YES;
				CLANG_WARN_NON_LITERAL_NULL_CONVERSION = YES;
				CLANG_WARN_OBJC_IMPLICIT_RETAIN_SELF = YES;
				CLANG_WARN_OBJC_LITERAL_CONVERSION = YES;
				CLANG_WARN_OBJC_ROOT_CLASS = YES_ERROR;
				CLANG_WARN_QUOTED_INCLUDE_IN_FRAMEWORK_HEADER = YES;
				CLANG_WARN_RANGE_LOOP_ANALYSIS = YES;
				CLANG_WARN_STRICT_PROTOTYPES = YES;
				CLANG_WARN_SUSPICIOUS_MOVE = YES;
				CLANG_WARN_UNGUARDED_AVAILABILITY = YES_AGGRESSIVE;
				CLANG_WARN_UNREACHABLE_CODE = YES;
				CLANG_WARN__DUPLICATE_METHOD_MATCH = YES;
				COPY_PHASE_STRIP = NO;
				DEBUG_INFORMATION_FORMAT = dwarf;
				ENABLE_STRICT_OBJC_MSGSEND = YES;
				ENABLE_TESTABILITY = YES;
				GCC_C_LANGUAGE_STANDARD = gnu11;
				GCC_DYNAMIC_NO_PIC = NO;
				GCC_NO_COMMON_BLOCKS = YES;
				GCC_OPTIMIZATION_LEVEL = 0;
				GCC_PREPROCESSOR_DEFINITIONS = (
					"DEBUG=1",
					"$(inherited)",
				);
				GCC_WARN_64_TO_32_BIT_CONVERSION = YES;
				GCC_WARN_ABOUT_RETURN_TYPE = YES_ERROR;
				GCC_WARN_UNDECLARED_SELECTOR = YES;
				GCC_WARN_UNINITIALIZED_AUTOS = YES_AGGRESSIVE;
				GCC_WARN_UNUSED_FUNCTION = YES;
				GCC_WARN_UNUSED_VARIABLE = YES;
				IPHONEOS_DEPLOYMENT_TARGET = 15.4;
				MTL_ENABLE_DEBUG_INFO = INCLUDE_SOURCE;
				MTL_FAST_MATH = YES;
				ONLY_ACTIVE_ARCH = YES;
				SDKROOT = iphoneos;
				SWIFT_ACTIVE_COMPILATION_CONDITIONS = DEBUG;
				SWIFT_OPTIMIZATION_LEVEL = "-Onone";
			};
			name = Debug;
		};
		2B07504D282E7A6D00FFEBBF /* Release */ = {
			isa = XCBuildConfiguration;
			buildSettings = {
				ALWAYS_SEARCH_USER_PATHS = NO;
				CLANG_ANALYZER_NONNULL = YES;
				CLANG_ANALYZER_NUMBER_OBJECT_CONVERSION = YES_AGGRESSIVE;
				CLANG_CXX_LANGUAGE_STANDARD = "gnu++17";
				CLANG_ENABLE_MODULES = YES;
				CLANG_ENABLE_OBJC_ARC = YES;
				CLANG_ENABLE_OBJC_WEAK = YES;
				CLANG_WARN_BLOCK_CAPTURE_AUTORELEASING = YES;
				CLANG_WARN_BOOL_CONVERSION = YES;
				CLANG_WARN_COMMA = YES;
				CLANG_WARN_CONSTANT_CONVERSION = YES;
				CLANG_WARN_DEPRECATED_OBJC_IMPLEMENTATIONS = YES;
				CLANG_WARN_DIRECT_OBJC_ISA_USAGE = YES_ERROR;
				CLANG_WARN_DOCUMENTATION_COMMENTS = YES;
				CLANG_WARN_EMPTY_BODY = YES;
				CLANG_WARN_ENUM_CONVERSION = YES;
				CLANG_WARN_INFINITE_RECURSION = YES;
				CLANG_WARN_INT_CONVERSION = YES;
				CLANG_WARN_NON_LITERAL_NULL_CONVERSION = YES;
				CLANG_WARN_OBJC_IMPLICIT_RETAIN_SELF = YES;
				CLANG_WARN_OBJC_LITERAL_CONVERSION = YES;
				CLANG_WARN_OBJC_ROOT_CLASS = YES_ERROR;
				CLANG_WARN_QUOTED_INCLUDE_IN_FRAMEWORK_HEADER = YES;
				CLANG_WARN_RANGE_LOOP_ANALYSIS = YES;
				CLANG_WARN_STRICT_PROTOTYPES = YES;
				CLANG_WARN_SUSPICIOUS_MOVE = YES;
				CLANG_WARN_UNGUARDED_AVAILABILITY = YES_AGGRESSIVE;
				CLANG_WARN_UNREACHABLE_CODE = YES;
				CLANG_WARN__DUPLICATE_METHOD_MATCH = YES;
				COPY_PHASE_STRIP = NO;
				DEBUG_INFORMATION_FORMAT = "dwarf-with-dsym";
				ENABLE_NS_ASSERTIONS = NO;
				ENABLE_STRICT_OBJC_MSGSEND = YES;
				GCC_C_LANGUAGE_STANDARD = gnu11;
				GCC_NO_COMMON_BLOCKS = YES;
				GCC_WARN_64_TO_32_BIT_CONVERSION = YES;
				GCC_WARN_ABOUT_RETURN_TYPE = YES_ERROR;
				GCC_WARN_UNDECLARED_SELECTOR = YES;
				GCC_WARN_UNINITIALIZED_AUTOS = YES_AGGRESSIVE;
				GCC_WARN_UNUSED_FUNCTION = YES;
				GCC_WARN_UNUSED_VARIABLE = YES;
				IPHONEOS_DEPLOYMENT_TARGET = 15.4;
				MTL_ENABLE_DEBUG_INFO = NO;
				MTL_FAST_MATH = YES;
				SDKROOT = iphoneos;
				SWIFT_COMPILATION_MODE = wholemodule;
				SWIFT_OPTIMIZATION_LEVEL = "-O";
				VALIDATE_PRODUCT = YES;
			};
			name = Release;
		};
		2B07504F282E7A6D00FFEBBF /* Debug */ = {
			isa = XCBuildConfiguration;
			buildSettings = {
				ASSETCATALOG_COMPILER_APPICON_NAME = AppIcon;
				ASSETCATALOG_COMPILER_GLOBAL_ACCENT_COLOR_NAME = AccentColor;
				CODE_SIGN_STYLE = Automatic;
				CURRENT_PROJECT_VERSION = 1;
				DEVELOPMENT_ASSET_PATHS = "\"SwiftUIContactList/Preview Content\"";
				DEVELOPMENT_TEAM = 475RUK8D4A;
				ENABLE_PREVIEWS = YES;
				GENERATE_INFOPLIST_FILE = YES;
				INFOPLIST_KEY_UIApplicationSceneManifest_Generation = YES;
				INFOPLIST_KEY_UIApplicationSupportsIndirectInputEvents = YES;
				INFOPLIST_KEY_UILaunchScreen_Generation = YES;
				INFOPLIST_KEY_UISupportedInterfaceOrientations_iPad = "UIInterfaceOrientationPortrait UIInterfaceOrientationPortraitUpsideDown UIInterfaceOrientationLandscapeLeft UIInterfaceOrientationLandscapeRight";
				INFOPLIST_KEY_UISupportedInterfaceOrientations_iPhone = "UIInterfaceOrientationPortrait UIInterfaceOrientationLandscapeLeft UIInterfaceOrientationLandscapeRight";
				LD_RUNPATH_SEARCH_PATHS = (
					"$(inherited)",
					"@executable_path/Frameworks",
				);
				MARKETING_VERSION = 1.0;
				PRODUCT_BUNDLE_IDENTIFIER = Skvortsov.SwiftUIContactList;
				PRODUCT_NAME = "$(TARGET_NAME)";
				SWIFT_EMIT_LOC_STRINGS = YES;
				SWIFT_VERSION = 5.0;
				TARGETED_DEVICE_FAMILY = "1,2";
			};
			name = Debug;
		};
		2B075050282E7A6D00FFEBBF /* Release */ = {
			isa = XCBuildConfiguration;
			buildSettings = {
				ASSETCATALOG_COMPILER_APPICON_NAME = AppIcon;
				ASSETCATALOG_COMPILER_GLOBAL_ACCENT_COLOR_NAME = AccentColor;
				CODE_SIGN_STYLE = Automatic;
				CURRENT_PROJECT_VERSION = 1;
				DEVELOPMENT_ASSET_PATHS = "\"SwiftUIContactList/Preview Content\"";
				DEVELOPMENT_TEAM = 475RUK8D4A;
				ENABLE_PREVIEWS = YES;
				GENERATE_INFOPLIST_FILE = YES;
				INFOPLIST_KEY_UIApplicationSceneManifest_Generation = YES;
				INFOPLIST_KEY_UIApplicationSupportsIndirectInputEvents = YES;
				INFOPLIST_KEY_UILaunchScreen_Generation = YES;
				INFOPLIST_KEY_UISupportedInterfaceOrientations_iPad = "UIInterfaceOrientationPortrait UIInterfaceOrientationPortraitUpsideDown UIInterfaceOrientationLandscapeLeft UIInterfaceOrientationLandscapeRight";
				INFOPLIST_KEY_UISupportedInterfaceOrientations_iPhone = "UIInterfaceOrientationPortrait UIInterfaceOrientationLandscapeLeft UIInterfaceOrientationLandscapeRight";
				LD_RUNPATH_SEARCH_PATHS = (
					"$(inherited)",
					"@executable_path/Frameworks",
				);
				MARKETING_VERSION = 1.0;
				PRODUCT_BUNDLE_IDENTIFIER = Skvortsov.SwiftUIContactList;
				PRODUCT_NAME = "$(TARGET_NAME)";
				SWIFT_EMIT_LOC_STRINGS = YES;
				SWIFT_VERSION = 5.0;
				TARGETED_DEVICE_FAMILY = "1,2";
			};
			name = Release;
		};
/* End XCBuildConfiguration section */

/* Begin XCConfigurationList section */
		2B07503B282E7A6A00FFEBBF /* Build configuration list for PBXProject "SwiftUIContactList" */ = {
			isa = XCConfigurationList;
			buildConfigurations = (
				2B07504C282E7A6D00FFEBBF /* Debug */,
				2B07504D282E7A6D00FFEBBF /* Release */,
			);
			defaultConfigurationIsVisible = 0;
			defaultConfigurationName = Release;
		};
		2B07504E282E7A6D00FFEBBF /* Build configuration list for PBXNativeTarget "SwiftUIContactList" */ = {
			isa = XCConfigurationList;
			buildConfigurations = (
				2B07504F282E7A6D00FFEBBF /* Debug */,
				2B075050282E7A6D00FFEBBF /* Release */,
			);
			defaultConfigurationIsVisible = 0;
			defaultConfigurationName = Release;
		};
/* End XCConfigurationList section */
	};
	rootObject = 2B075038282E7A6A00FFEBBF /* Project object */;
}
